<?xml version="1.0" encoding="utf-8"?>
<Project ToolsVersion="4.0" xmlns="http://schemas.microsoft.com/developer/msbuild/2003">
  <ItemGroup>
    <Filter Include="Source Files">
      <UniqueIdentifier>{4FC737F1-C7A5-4376-A066-2A32D752A2FF}</UniqueIdentifier>
      <Extensions>cpp;c;cc;cxx;def;odl;idl;hpj;bat;asm;asmx</Extensions>
    </Filter>
    <Filter Include="Header Files">
      <UniqueIdentifier>{93995380-89BD-4b04-88EB-625FBE52EBFB}</UniqueIdentifier>
      <Extensions>h;hh;hpp;hxx;hm;inl;inc;ipp;xsd</Extensions>
    </Filter>
    <Filter Include="Resource Files">
      <UniqueIdentifier>{67DA6AB6-F800-4c08-8B7A-83BB121AAD01}</UniqueIdentifier>
      <Extensions>rc;ico;cur;bmp;dlg;rc2;rct;bin;rgs;gif;jpg;jpeg;jpe;resx;tiff;tif;png;wav;mfcribbon-ms</Extensions>
    </Filter>
    <Filter Include="Resource Files\minhook">
      <UniqueIdentifier>{7305fb19-3799-4d18-bc32-5634a50de78e}</UniqueIdentifier>
    </Filter>
    <Filter Include="Resource Files\vmthook">
      <UniqueIdentifier>{bd72e7dd-5a83-4326-881e-5246ea911948}</UniqueIdentifier>
    </Filter>
    <Filter Include="Resource Files\imgui">
      <UniqueIdentifier>{438d174d-bde8-4347-8a67-a0d3968478d0}</UniqueIdentifier>
    </Filter>
  </ItemGroup>
  <ItemGroup>
    <ClCompile Include="DllMain.cpp">
      <Filter>Source Files</Filter>
    </ClCompile>
    <ClCompile Include="utilities\minhook\src\buffer.c">
      <Filter>Resource Files\minhook</Filter>
    </ClCompile>
    <ClCompile Include="utilities\minhook\src\hook.c">
      <Filter>Resource Files\minhook</Filter>
    </ClCompile>
    <ClCompile Include="utilities\minhook\src\trampoline.c">
      <Filter>Resource Files\minhook</Filter>
    </ClCompile>
    <ClCompile Include="utilities\minhook\src\HDE\hde32.c">
      <Filter>Resource Files\minhook</Filter>
    </ClCompile>
    <ClCompile Include="utilities\minhook\src\HDE\hde64.c">
      <Filter>Resource Files\minhook</Filter>
    </ClCompile>
    <ClCompile Include="utilities\vmthook\VMTHook.cpp">
      <Filter>Resource Files\vmthook</Filter>
    </ClCompile>
    <ClCompile Include="utilities\imgui\imgui.cpp">
      <Filter>Resource Files\imgui</Filter>
    </ClCompile>
    <ClCompile Include="utilities\imgui\imgui_demo.cpp">
      <Filter>Resource Files\imgui</Filter>
    </ClCompile>
    <ClCompile Include="utilities\imgui\imgui_draw.cpp">
      <Filter>Resource Files\imgui</Filter>
    </ClCompile>
    <ClCompile Include="utilities\imgui\imgui_impl_dx9.cpp">
      <Filter>Resource Files\imgui</Filter>
    </ClCompile>
    <ClCompile Include="utilities\imgui\imgui_tables.cpp">
      <Filter>Resource Files\imgui</Filter>
    </ClCompile>
    <ClCompile Include="utilities\imgui\imgui_widgets.cpp">
      <Filter>Resource Files\imgui</Filter>
    </ClCompile>
    <ClCompile Include="utilities\imgui\imgui_impl_win32.cpp">
      <Filter>Resource Files\imgui</Filter>
    </ClCompile>
  </ItemGroup>
  <ItemGroup>
    <ClInclude Include="DllMain.hpp">
      <Filter>Header Files</Filter>
    </ClInclude>
    <ClInclude Include="utilities\minhook\include\MinHook.h">
      <Filter>Resource Files\minhook</Filter>
    </ClInclude>
    <ClInclude Include="utilities\minhook\src\buffer.h">
      <Filter>Resource Files\minhook</Filter>
    </ClInclude>
    <ClInclude Include="utilities\minhook\src\trampoline.h">
      <Filter>Resource Files\minhook</Filter>
    </ClInclude>
    <ClInclude Include="utilities\minhook\src\HDE\hde32.h">
      <Filter>Resource Files\minhook</Filter>
    </ClInclude>
    <ClInclude Include="utilities\minhook\src\HDE\hde64.h">
      <Filter>Resource Files\minhook</Filter>
    </ClInclude>
    <ClInclude Include="utilities\minhook\src\HDE\pstdint.h">
      <Filter>Resource Files\minhook</Filter>
    </ClInclude>
    <ClInclude Include="utilities\minhook\src\HDE\table32.h">
      <Filter>Resource Files\minhook</Filter>
    </ClInclude>
    <ClInclude Include="utilities\minhook\src\HDE\table64.h">
      <Filter>Resource Files\minhook</Filter>
    </ClInclude>
    <ClInclude Include="utilities\vmthook\VMTHook.h">
      <Filter>Resource Files\vmthook</Filter>
    </ClInclude>
    <ClInclude Include="utilities\imgui\imconfig.h">
      <Filter>Resource Files\imgui</Filter>
    </ClInclude>
    <ClInclude Include="utilities\imgui\imgui.h">
      <Filter>Resource Files\imgui</Filter>
    </ClInclude>
    <ClInclude Include="utilities\imgui\imgui_impl_dx9.h">
      <Filter>Resource Files\imgui</Filter>
    </ClInclude>
    <ClInclude Include="utilities\imgui\imgui_internal.h">
      <Filter>Resource Files\imgui</Filter>
    </ClInclude>
    <ClInclude Include="utilities\imgui\imstb_rectpack.h">
      <Filter>Resource Files\imgui</Filter>
    </ClInclude>
    <ClInclude Include="utilities\imgui\imstb_textedit.h">
      <Filter>Resource Files\imgui</Filter>
    </ClInclude>
    <ClInclude Include="utilities\imgui\imstb_truetype.h">
      <Filter>Resource Files\imgui</Filter>
    </ClInclude>
    <ClInclude Include="utilities\imgui\imgui_impl_win32.h">
      <Filter>Resource Files\imgui</Filter>
    </ClInclude>
  </ItemGroup>
</Project>